
Microsoft Visual Studio Solution File, Format Version 12.00
# Visual Studio 15
VisualStudioVersion = 15.0.28307.779
MinimumVisualStudioVersion = 10.0.40219.1
Project("{E24C65DC-7377-472B-9ABA-BC803B73C61A}") = "SpaceLander 01", ".", "{672221AC-275D-4224-B061-8AFDB749B043}"
	ProjectSection(WebsiteProperties) = preProject
		TargetFrameworkMoniker = ".NETFramework,Version%3Dv4.5"
		Debug.AspNetCompiler.VirtualPath = "/localhost_51777"
		Debug.AspNetCompiler.PhysicalPath = "..\SpaceLander 01\"
		Debug.AspNetCompiler.TargetPath = "PrecompiledWeb\localhost_51777\"
		Debug.AspNetCompiler.Updateable = "true"
		Debug.AspNetCompiler.ForceOverwrite = "true"
		Debug.AspNetCompiler.FixedNames = "false"
		Debug.AspNetCompiler.Debug = "True"
		Release.AspNetCompiler.VirtualPath = "/localhost_51777"
		Release.AspNetCompiler.PhysicalPath = "..\SpaceLander 01\"
		Release.AspNetCompiler.TargetPath = "PrecompiledWeb\localhost_51777\"
		Release.AspNetCompiler.Updateable = "true"
		Release.AspNetCompiler.ForceOverwrite = "true"
		Release.AspNetCompiler.FixedNames = "false"
		Release.AspNetCompiler.Debug = "False"
		VWDPort = "51777"
	EndProjectSection
EndProject
Global
	GlobalSection(SolutionConfigurationPlatforms) = preSolution
		Debug|Any CPU = Debug|Any CPU
	EndGlobalSection
	GlobalSection(ProjectConfigurationPlatforms) = postSolution
		{672221AC-275D-4224-B061-8AFDB749B043}.Debug|Any CPU.ActiveCfg = Debug|Any CPU
		{672221AC-275D-4224-B061-8AFDB749B043}.Debug|Any CPU.Build.0 = Debug|Any CPU
	EndGlobalSection
	GlobalSection(SolutionProperties) = preSolution
		HideSolutionNode = FALSE
	EndGlobalSection
	GlobalSection(ExtensibilityGlobals) = postSolution
		SolutionGuid = {51F3E9BC-2099-4817-9259-D04DEFA19BA8}
	EndGlobalSection
EndGlobal
